// !$*UTF8*$!
{
	archiveVersion = 1;
	classes = {
	};
	objectVersion = 56;
	objects = {

/* Begin PBXBuildFile section */
		E45DD5852C97E7FF009D8B87 /* LearnBodyPoseVisionApp.swift in Sources */ = {isa = PBXBuildFile; fileRef = E45DD5842C97E7FF009D8B87 /* LearnBodyPoseVisionApp.swift */; };
		E45DD5872C97E7FF009D8B87 /* ContentView.swift in Sources */ = {isa = PBXBuildFile; fileRef = E45DD5862C97E7FF009D8B87 /* ContentView.swift */; };
		E45DD5892C97E800009D8B87 /* Assets.xcassets in Resources */ = {isa = PBXBuildFile; fileRef = E45DD5882C97E800009D8B87 /* Assets.xcassets */; };
		E45DD58C2C97E800009D8B87 /* Preview Assets.xcassets in Resources */ = {isa = PBXBuildFile; fileRef = E45DD58B2C97E800009D8B87 /* Preview Assets.xcassets */; };
		E45DD5962C97E874009D8B87 /* HomeView.swift in Sources */ = {isa = PBXBuildFile; fileRef = E45DD5952C97E874009D8B87 /* HomeView.swift */; };
		E45DD5992C97E913009D8B87 /* CameraManager.swift in Sources */ = {isa = PBXBuildFile; fileRef = E45DD5982C97E913009D8B87 /* CameraManager.swift */; };
		E45DD59B2C97F534009D8B87 /* BodyPoseProcessor.swift in Sources */ = {isa = PBXBuildFile; fileRef = E45DD59A2C97F534009D8B87 /* BodyPoseProcessor.swift */; };
		E45DD59E2C9805FD009D8B87 /* CameraUIPreview.swift in Sources */ = {isa = PBXBuildFile; fileRef = E45DD59D2C9805FD009D8B87 /* CameraUIPreview.swift */; };
		E45DD5A02C9806A5009D8B87 /* SkeletonBodyView.swift in Sources */ = {isa = PBXBuildFile; fileRef = E45DD59F2C9806A5009D8B87 /* SkeletonBodyView.swift */; };
/* End PBXBuildFile section */

/* Begin PBXFileReference section */
		E45DD5812C97E7FF009D8B87 /* LearnBodyPoseVision.app */ = {isa = PBXFileReference; explicitFileType = wrapper.application; includeInIndex = 0; path = LearnBodyPoseVision.app; sourceTree = BUILT_PRODUCTS_DIR; };
		E45DD5842C97E7FF009D8B87 /* LearnBodyPoseVisionApp.swift */ = {isa = PBXFileReference; lastKnownFileType = sourcecode.swift; path = LearnBodyPoseVisionApp.swift; sourceTree = "<group>"; };
		E45DD5862C97E7FF009D8B87 /* ContentView.swift */ = {isa = PBXFileReference; lastKnownFileType = sourcecode.swift; path = ContentView.swift; sourceTree = "<group>"; };
		E45DD5882C97E800009D8B87 /* Assets.xcassets */ = {isa = PBXFileReference; lastKnownFileType = folder.assetcatalog; path = Assets.xcassets; sourceTree = "<group>"; };
		E45DD58B2C97E800009D8B87 /* Preview Assets.xcassets */ = {isa = PBXFileReference; lastKnownFileType = folder.assetcatalog; path = "Preview Assets.xcassets"; sourceTree = "<group>"; };
		E45DD5952C97E874009D8B87 /* HomeView.swift */ = {isa = PBXFileReference; lastKnownFileType = sourcecode.swift; path = HomeView.swift; sourceTree = "<group>"; };
		E45DD5982C97E913009D8B87 /* CameraManager.swift */ = {isa = PBXFileReference; lastKnownFileType = sourcecode.swift; path = CameraManager.swift; sourceTree = "<group>"; };
		E45DD59A2C97F534009D8B87 /* BodyPoseProcessor.swift */ = {isa = PBXFileReference; lastKnownFileType = sourcecode.swift; path = BodyPoseProcessor.swift; sourceTree = "<group>"; };
		E45DD59D2C9805FD009D8B87 /* CameraUIPreview.swift */ = {isa = PBXFileReference; lastKnownFileType = sourcecode.swift; path = CameraUIPreview.swift; sourceTree = "<group>"; };
		E45DD59F2C9806A5009D8B87 /* SkeletonBodyView.swift */ = {isa = PBXFileReference; lastKnownFileType = sourcecode.swift; path = SkeletonBodyView.swift; sourceTree = "<group>"; };
/* End PBXFileReference section */

/* Begin PBXFrameworksBuildPhase section */
		E45DD57E2C97E7FF009D8B87 /* Frameworks */ = {
			isa = PBXFrameworksBuildPhase;
			buildActionMask = 2147483647;
			files = (
			);
			runOnlyForDeploymentPostprocessing = 0;
		};
/* End PBXFrameworksBuildPhase section */

/* Begin PBXGroup section */
		E45DD5782C97E7FF009D8B87 = {
			isa = PBXGroup;
			children = (
				E45DD5832C97E7FF009D8B87 /* LearnBodyPoseVision */,
				E45DD5822C97E7FF009D8B87 /* Products */,
			);
			sourceTree = "<group>";
		};
		E45DD5822C97E7FF009D8B87 /* Products */ = {
			isa = PBXGroup;
			children = (
				E45DD5812C97E7FF009D8B87 /* LearnBodyPoseVision.app */,
			);
			name = Products;
			sourceTree = "<group>";
		};
		E45DD5832C97E7FF009D8B87 /* LearnBodyPoseVision */ = {
			isa = PBXGroup;
			children = (
				E45DD5972C97E901009D8B87 /* Manager */,
				E45DD5922C97E839009D8B87 /* Presentation */,
				E45DD5842C97E7FF009D8B87 /* LearnBodyPoseVisionApp.swift */,
				E45DD5862C97E7FF009D8B87 /* ContentView.swift */,
				E45DD5882C97E800009D8B87 /* Assets.xcassets */,
				E45DD58A2C97E800009D8B87 /* Preview Content */,
			);
			path = LearnBodyPoseVision;
			sourceTree = "<group>";
		};
		E45DD58A2C97E800009D8B87 /* Preview Content */ = {
			isa = PBXGroup;
			children = (
				E45DD58B2C97E800009D8B87 /* Preview Assets.xcassets */,
			);
			path = "Preview Content";
			sourceTree = "<group>";
		};
		E45DD5922C97E839009D8B87 /* Presentation */ = {
			isa = PBXGroup;
			children = (
				E45DD59C2C9805EE009D8B87 /* UIKit */,
				E45DD5952C97E874009D8B87 /* HomeView.swift */,
				E45DD59F2C9806A5009D8B87 /* SkeletonBodyView.swift */,
			);
			path = Presentation;
			sourceTree = "<group>";
		};
		E45DD5972C97E901009D8B87 /* Manager */ = {
			isa = PBXGroup;
			children = (
				E45DD5982C97E913009D8B87 /* CameraManager.swift */,
				E45DD59A2C97F534009D8B87 /* BodyPoseProcessor.swift */,
			);
			path = Manager;
			sourceTree = "<group>";
		};
		E45DD59C2C9805EE009D8B87 /* UIKit */ = {
			isa = PBXGroup;
			children = (
				E45DD59D2C9805FD009D8B87 /* CameraUIPreview.swift */,
			);
			path = UIKit;
			sourceTree = "<group>";
		};
/* End PBXGroup section */

/* Begin PBXNativeTarget section */
		E45DD5802C97E7FF009D8B87 /* LearnBodyPoseVision */ = {
			isa = PBXNativeTarget;
			buildConfigurationList = E45DD58F2C97E800009D8B87 /* Build configuration list for PBXNativeTarget "LearnBodyPoseVision" */;
			buildPhases = (
				E45DD57D2C97E7FF009D8B87 /* Sources */,
				E45DD57E2C97E7FF009D8B87 /* Frameworks */,
				E45DD57F2C97E7FF009D8B87 /* Resources */,
			);
			buildRules = (
			);
			dependencies = (
			);
			name = LearnBodyPoseVision;
			productName = LearnBodyPoseVision;
			productReference = E45DD5812C97E7FF009D8B87 /* LearnBodyPoseVision.app */;
			productType = "com.apple.product-type.application";
		};
/* End PBXNativeTarget section */

/* Begin PBXProject section */
		E45DD5792C97E7FF009D8B87 /* Project object */ = {
			isa = PBXProject;
			attributes = {
				BuildIndependentTargetsInParallel = 1;
				LastSwiftUpdateCheck = 1540;
				LastUpgradeCheck = 1540;
				TargetAttributes = {
					E45DD5802C97E7FF009D8B87 = {
						CreatedOnToolsVersion = 15.4;
					};
				};
			};
			buildConfigurationList = E45DD57C2C97E7FF009D8B87 /* Build configuration list for PBXProject "LearnBodyPoseVision" */;
			compatibilityVersion = "Xcode 14.0";
			developmentRegion = en;
			hasScannedForEncodings = 0;
			knownRegions = (
				en,
				Base,
			);
			mainGroup = E45DD5782C97E7FF009D8B87;
			productRefGroup = E45DD5822C97E7FF009D8B87 /* Products */;
			projectDirPath = "";
			projectRoot = "";
			targets = (
				E45DD5802C97E7FF009D8B87 /* LearnBodyPoseVision */,
			);
		};
/* End PBXProject section */

/* Begin PBXResourcesBuildPhase section */
		E45DD57F2C97E7FF009D8B87 /* Resources */ = {
			isa = PBXResourcesBuildPhase;
			buildActionMask = 2147483647;
			files = (
				E45DD58C2C97E800009D8B87 /* Preview Assets.xcassets in Resources */,
				E45DD5892C97E800009D8B87 /* Assets.xcassets in Resources */,
			);
			runOnlyForDeploymentPostprocessing = 0;
		};
/* End PBXResourcesBuildPhase section */

/* Begin PBXSourcesBuildPhase section */
		E45DD57D2C97E7FF009D8B87 /* Sources */ = {
			isa = PBXSourcesBuildPhase;
			buildActionMask = 2147483647;
			files = (
				E45DD5992C97E913009D8B87 /* CameraManager.swift in Sources */,
				E45DD5A02C9806A5009D8B87 /* SkeletonBodyView.swift in Sources */,
				E45DD5962C97E874009D8B87 /* HomeView.swift in Sources */,
				E45DD59B2C97F534009D8B87 /* BodyPoseProcessor.swift in Sources */,
				E45DD59E2C9805FD009D8B87 /* CameraUIPreview.swift in Sources */,
				E45DD5872C97E7FF009D8B87 /* ContentView.swift in Sources */,
				E45DD5852C97E7FF009D8B87 /* LearnBodyPoseVisionApp.swift in Sources */,
			);
			runOnlyForDeploymentPostprocessing = 0;
		};
/* End PBXSourcesBuildPhase section */

/* Begin XCBuildConfiguration section */
		E45DD58D2C97E800009D8B87 /* Debug */ = {
			isa = XCBuildConfiguration;
			buildSettings = {
				ALWAYS_SEARCH_USER_PATHS = NO;
				ASSETCATALOG_COMPILER_GENERATE_SWIFT_ASSET_SYMBOL_EXTENSIONS = YES;
				CLANG_ANALYZER_NONNULL = YES;
				CLANG_ANALYZER_NUMBER_OBJECT_CONVERSION = YES_AGGRESSIVE;
				CLANG_CXX_LANGUAGE_STANDARD = "gnu++20";
				CLANG_ENABLE_MODULES = YES;
				CLANG_ENABLE_OBJC_ARC = YES;
				CLANG_ENABLE_OBJC_WEAK = YES;
				CLANG_WARN_BLOCK_CAPTURE_AUTORELEASING = YES;
				CLANG_WARN_BOOL_CONVERSION = YES;
				CLANG_WARN_COMMA = YES;
				CLANG_WARN_CONSTANT_CONVERSION = YES;
				CLANG_WARN_DEPRECATED_OBJC_IMPLEMENTATIONS = YES;
				CLANG_WARN_DIRECT_OBJC_ISA_USAGE = YES_ERROR;
				CLANG_WARN_DOCUMENTATION_COMMENTS = YES;
				CLANG_WARN_EMPTY_BODY = YES;
				CLANG_WARN_ENUM_CONVERSION = YES;
				CLANG_WARN_INFINITE_RECURSION = YES;
				CLANG_WARN_INT_CONVERSION = YES;
				CLANG_WARN_NON_LITERAL_NULL_CONVERSION = YES;
				CLANG_WARN_OBJC_IMPLICIT_RETAIN_SELF = YES;
				CLANG_WARN_OBJC_LITERAL_CONVERSION = YES;
				CLANG_WARN_OBJC_ROOT_CLASS = YES_ERROR;
				CLANG_WARN_QUOTED_INCLUDE_IN_FRAMEWORK_HEADER = YES;
				CLANG_WARN_RANGE_LOOP_ANALYSIS = YES;
				CLANG_WARN_STRICT_PROTOTYPES = YES;
				CLANG_WARN_SUSPICIOUS_MOVE = YES;
				CLANG_WARN_UNGUARDED_AVAILABILITY = YES_AGGRESSIVE;
				CLANG_WARN_UNREACHABLE_CODE = YES;
				CLANG_WARN__DUPLICATE_METHOD_MATCH = YES;
				COPY_PHASE_STRIP = NO;
				DEBUG_INFORMATION_FORMAT = dwarf;
				ENABLE_STRICT_OBJC_MSGSEND = YES;
				ENABLE_TESTABILITY = YES;
				ENABLE_USER_SCRIPT_SANDBOXING = YES;
				GCC_C_LANGUAGE_STANDARD = gnu17;
				GCC_DYNAMIC_NO_PIC = NO;
				GCC_NO_COMMON_BLOCKS = YES;
				GCC_OPTIMIZATION_LEVEL = 0;
				GCC_PREPROCESSOR_DEFINITIONS = (
					"DEBUG=1",
					"$(inherited)",
				);
				GCC_WARN_64_TO_32_BIT_CONVERSION = YES;
				GCC_WARN_ABOUT_RETURN_TYPE = YES_ERROR;
				GCC_WARN_UNDECLARED_SELECTOR = YES;
				GCC_WARN_UNINITIALIZED_AUTOS = YES_AGGRESSIVE;
				GCC_WARN_UNUSED_FUNCTION = YES;
				GCC_WARN_UNUSED_VARIABLE = YES;
				IPHONEOS_DEPLOYMENT_TARGET = 17.5;
				LOCALIZATION_PREFERS_STRING_CATALOGS = YES;
				MTL_ENABLE_DEBUG_INFO = INCLUDE_SOURCE;
				MTL_FAST_MATH = YES;
				ONLY_ACTIVE_ARCH = YES;
				SDKROOT = iphoneos;
				SWIFT_ACTIVE_COMPILATION_CONDITIONS = "DEBUG $(inherited)";
				SWIFT_OPTIMIZATION_LEVEL = "-Onone";
			};
			name = Debug;
		};
		E45DD58E2C97E800009D8B87 /* Release */ = {
			isa = XCBuildConfiguration;
			buildSettings = {
				ALWAYS_SEARCH_USER_PATHS = NO;
				ASSETCATALOG_COMPILER_GENERATE_SWIFT_ASSET_SYMBOL_EXTENSIONS = YES;
				CLANG_ANALYZER_NONNULL = YES;
				CLANG_ANALYZER_NUMBER_OBJECT_CONVERSION = YES_AGGRESSIVE;
				CLANG_CXX_LANGUAGE_STANDARD = "gnu++20";
				CLANG_ENABLE_MODULES = YES;
				CLANG_ENABLE_OBJC_ARC = YES;
				CLANG_ENABLE_OBJC_WEAK = YES;
				CLANG_WARN_BLOCK_CAPTURE_AUTORELEASING = YES;
				CLANG_WARN_BOOL_CONVERSION = YES;
				CLANG_WARN_COMMA = YES;
				CLANG_WARN_CONSTANT_CONVERSION = YES;
				CLANG_WARN_DEPRECATED_OBJC_IMPLEMENTATIONS = YES;
				CLANG_WARN_DIRECT_OBJC_ISA_USAGE = YES_ERROR;
				CLANG_WARN_DOCUMENTATION_COMMENTS = YES;
				CLANG_WARN_EMPTY_BODY = YES;
				CLANG_WARN_ENUM_CONVERSION = YES;
				CLANG_WARN_INFINITE_RECURSION = YES;
				CLANG_WARN_INT_CONVERSION = YES;
				CLANG_WARN_NON_LITERAL_NULL_CONVERSION = YES;
				CLANG_WARN_OBJC_IMPLICIT_RETAIN_SELF = YES;
				CLANG_WARN_OBJC_LITERAL_CONVERSION = YES;
				CLANG_WARN_OBJC_ROOT_CLASS = YES_ERROR;
				CLANG_WARN_QUOTED_INCLUDE_IN_FRAMEWORK_HEADER = YES;
				CLANG_WARN_RANGE_LOOP_ANALYSIS = YES;
				CLANG_WARN_STRICT_PROTOTYPES = YES;
				CLANG_WARN_SUSPICIOUS_MOVE = YES;
				CLANG_WARN_UNGUARDED_AVAILABILITY = YES_AGGRESSIVE;
				CLANG_WARN_UNREACHABLE_CODE = YES;
				CLANG_WARN__DUPLICATE_METHOD_MATCH = YES;
				COPY_PHASE_STRIP = NO;
				DEBUG_INFORMATION_FORMAT = "dwarf-with-dsym";
				ENABLE_NS_ASSERTIONS = NO;
				ENABLE_STRICT_OBJC_MSGSEND = YES;
				ENABLE_USER_SCRIPT_SANDBOXING = YES;
				GCC_C_LANGUAGE_STANDARD = gnu17;
				GCC_NO_COMMON_BLOCKS = YES;
				GCC_WARN_64_TO_32_BIT_CONVERSION = YES;
				GCC_WARN_ABOUT_RETURN_TYPE = YES_ERROR;
				GCC_WARN_UNDECLARED_SELECTOR = YES;
				GCC_WARN_UNINITIALIZED_AUTOS = YES_AGGRESSIVE;
				GCC_WARN_UNUSED_FUNCTION = YES;
				GCC_WARN_UNUSED_VARIABLE = YES;
				IPHONEOS_DEPLOYMENT_TARGET = 17.5;
				LOCALIZATION_PREFERS_STRING_CATALOGS = YES;
				MTL_ENABLE_DEBUG_INFO = NO;
				MTL_FAST_MATH = YES;
				SDKROOT = iphoneos;
				SWIFT_COMPILATION_MODE = wholemodule;
				VALIDATE_PRODUCT = YES;
			};
			name = Release;
		};
		E45DD5902C97E800009D8B87 /* Debug */ = {
			isa = XCBuildConfiguration;
			buildSettings = {
				ASSETCATALOG_COMPILER_APPICON_NAME = AppIcon;
				ASSETCATALOG_COMPILER_GLOBAL_ACCENT_COLOR_NAME = AccentColor;
				CODE_SIGN_STYLE = Automatic;
				CURRENT_PROJECT_VERSION = 1;
				DEVELOPMENT_ASSET_PATHS = "\"LearnBodyPoseVision/Preview Content\"";
				DEVELOPMENT_TEAM = 65D2HW9U9F;
				ENABLE_PREVIEWS = YES;
				GENERATE_INFOPLIST_FILE = YES;
				INFOPLIST_KEY_NSCameraUsageDescription = "app using camera for detect your body";
				INFOPLIST_KEY_UIApplicationSceneManifest_Generation = YES;
				INFOPLIST_KEY_UIApplicationSupportsIndirectInputEvents = YES;
				INFOPLIST_KEY_UILaunchScreen_Generation = YES;
				INFOPLIST_KEY_UISupportedInterfaceOrientations_iPad = "UIInterfaceOrientationPortrait UIInterfaceOrientationPortraitUpsideDown UIInterfaceOrientationLandscapeLeft UIInterfaceOrientationLandscapeRight";
				INFOPLIST_KEY_UISupportedInterfaceOrientations_iPhone = "UIInterfaceOrientationPortrait UIInterfaceOrientationLandscapeLeft UIInterfaceOrientationLandscapeRight";
				LD_RUNPATH_SEARCH_PATHS = (
					"$(inherited)",
					"@executable_path/Frameworks",
				);
				MARKETING_VERSION = 1.0;
				PRODUCT_BUNDLE_IDENTIFIER = com.example.bazar.LearnBodyPoseVision;
				PRODUCT_NAME = "$(TARGET_NAME)";
				SWIFT_EMIT_LOC_STRINGS = YES;
				SWIFT_VERSION = 5.0;
				TARGETED_DEVICE_FAMILY = "1,2";
			};
			name = Debug;
		};
		E45DD5912C97E800009D8B87 /* Release */ = {
			isa = XCBuildConfiguration;
			buildSettings = {
				ASSETCATALOG_COMPILER_APPICON_NAME = AppIcon;
				ASSETCATALOG_COMPILER_GLOBAL_ACCENT_COLOR_NAME = AccentColor;
				CODE_SIGN_STYLE = Automatic;
				CURRENT_PROJECT_VERSION = 1;
				DEVELOPMENT_ASSET_PATHS = "\"LearnBodyPoseVision/Preview Content\"";
				DEVELOPMENT_TEAM = 65D2HW9U9F;
				ENABLE_PREVIEWS = YES;
				GENERATE_INFOPLIST_FILE = YES;
				INFOPLIST_KEY_NSCameraUsageDescription = "app using camera for detect your body";
				INFOPLIST_KEY_UIApplicationSceneManifest_Generation = YES;
				INFOPLIST_KEY_UIApplicationSupportsIndirectInputEvents = YES;
				INFOPLIST_KEY_UILaunchScreen_Generation = YES;
				INFOPLIST_KEY_UISupportedInterfaceOrientations_iPad = "UIInterfaceOrientationPortrait UIInterfaceOrientationPortraitUpsideDown UIInterfaceOrientationLandscapeLeft UIInterfaceOrientationLandscapeRight";
				INFOPLIST_KEY_UISupportedInterfaceOrientations_iPhone = "UIInterfaceOrientationPortrait UIInterfaceOrientationLandscapeLeft UIInterfaceOrientationLandscapeRight";
				LD_RUNPATH_SEARCH_PATHS = (
					"$(inherited)",
					"@executable_path/Frameworks",
				);
				MARKETING_VERSION = 1.0;
				PRODUCT_BUNDLE_IDENTIFIER = com.example.bazar.LearnBodyPoseVision;
				PRODUCT_NAME = "$(TARGET_NAME)";
				SWIFT_EMIT_LOC_STRINGS = YES;
				SWIFT_VERSION = 5.0;
				TARGETED_DEVICE_FAMILY = "1,2";
			};
			name = Release;
		};
/* End XCBuildConfiguration section */

/* Begin XCConfigurationList section */
		E45DD57C2C97E7FF009D8B87 /* Build configuration list for PBXProject "LearnBodyPoseVision" */ = {
			isa = XCConfigurationList;
			buildConfigurations = (
				E45DD58D2C97E800009D8B87 /* Debug */,
				E45DD58E2C97E800009D8B87 /* Release */,
			);
			defaultConfigurationIsVisible = 0;
			defaultConfigurationName = Release;
		};
		E45DD58F2C97E800009D8B87 /* Build configuration list for PBXNativeTarget "LearnBodyPoseVision" */ = {
			isa = XCConfigurationList;
			buildConfigurations = (
				E45DD5902C97E800009D8B87 /* Debug */,
				E45DD5912C97E800009D8B87 /* Release */,
			);
			defaultConfigurationIsVisible = 0;
			defaultConfigurationName = Release;
		};
/* End XCConfigurationList section */
	};
	rootObject = E45DD5792C97E7FF009D8B87 /* Project object */;
}
